
Microsoft Visual Studio Solution File, Format Version 12.00
# Visual Studio Version 17
VisualStudioVersion = 17.3.32922.545
MinimumVisualStudioVersion = 10.0.40219.1
Project("{FAE04EC0-301F-11D3-BF4B-00C04F79EFBC}") = "CheckOffset", "CheckOffset\CheckOffset.csproj", "{A946A16A-D3DB-4E8A-A8C8-DA095E759857}"
EndProject
Global
	GlobalSection(SolutionConfigurationPlatforms) = preSolution
		Debug|Any CPU = Debug|Any CPU
		Release|Any CPU = Release|Any CPU
	EndGlobalSection
	GlobalSection(ProjectConfigurationPlatforms) = postSolution
		{A946A16A-D3DB-4E8A-A8C8-DA095E759857}.Debug|Any CPU.ActiveCfg = Debug|Any CPU
		{A946A16A-D3DB-4E8A-A8C8-DA095E759857}.Debug|Any CPU.Build.0 = Debug|Any CPU
		{A946A16A-D3DB-4E8A-A8C8-DA095E759857}.Release|Any CPU.ActiveCfg = Release|Any CPU
		{A946A16A-D3DB-4E8A-A8C8-DA095E759857}.Release|Any CPU.Build.0 = Release|Any CPU
	EndGlobalSection
	GlobalSection(SolutionProperties) = preSolution
		HideSolutionNode = FALSE
	EndGlobalSection
	GlobalSection(ExtensibilityGlobals) = postSolution
		SolutionGuid = {1CA3B5BB-09AB-4794-9D5B-1D886D4B371B}
	EndGlobalSection
EndGlobal
